
Microsoft Visual Studio Solution File, Format Version 12.00
# Visual Studio Version 17
VisualStudioVersion = 17.5.002.0
MinimumVisualStudioVersion = 10.0.40219.1
Project("{2150E333-8FDC-42A3-9474-1A3956D46DE8}") = "week01", "week01", "{B27EC9F5-D38F-4238-9C8A-A59A166ECFB4}"
EndProject
Project("{9A19103F-16F7-4668-BE54-9A1E7A4F7556}") = "code", "week01\code\code.csproj", "{229013CE-0B91-4CCD-A01A-0BB6AEB552A3}"
EndProject
Project("{9A19103F-16F7-4668-BE54-9A1E7A4F7556}") = "analyze", "week01\analyze\analyze.csproj", "{FA1C614C-6993-47F5-AFAD-95888875BEBB}"
EndProject
Project("{9A19103F-16F7-4668-BE54-9A1E7A4F7556}") = "teach", "week01\teach\teach.csproj", "{81D0519C-C887-43F3-AF2B-975BB30C9699}"
EndProject
Project("{2150E333-8FDC-42A3-9474-1A3956D46DE8}") = "week06", "week06", "{673121D1-AF3B-4E05-913E-2B23A77601F2}"
EndProject
Project("{9A19103F-16F7-4668-BE54-9A1E7A4F7556}") = "code", "week06\code\code.csproj", "{3E8CDF6C-E941-4282-9B5D-8788E5C2ECFB}"
EndProject
Project("{2150E333-8FDC-42A3-9474-1A3956D46DE8}") = "sandbox", "sandbox", "{F4F4B361-47EC-47F7-B115-5F56091D2650}"
EndProject
Project("{9A19103F-16F7-4668-BE54-9A1E7A4F7556}") = "sandbox_project", "sandbox\sandbox_project\sandbox_project.csproj", "{5F422597-9C35-41F6-8EB3-4279F0AF6584}"
EndProject
Project("{2150E333-8FDC-42A3-9474-1A3956D46DE8}") = "week05", "week05", "{5AE5CC34-0F70-408C-B79C-DD99C832BA3C}"
EndProject
Project("{9A19103F-16F7-4668-BE54-9A1E7A4F7556}") = "code", "week05\code\code.csproj", "{476D2E6F-9B09-4BD8-A04E-1C0F233EA10E}"
EndProject
Project("{2150E333-8FDC-42A3-9474-1A3956D46DE8}") = "week02", "week02", "{1E9173E1-4410-4EAC-932B-9A105DEFB15A}"
EndProject
Project("{9A19103F-16F7-4668-BE54-9A1E7A4F7556}") = "learn", "week02\learn\learn.csproj", "{1F787BB6-3683-4D26-8B8D-EDC3B3F9D692}"
EndProject
Project("{9A19103F-16F7-4668-BE54-9A1E7A4F7556}") = "code", "week02\code\code.csproj", "{6F18EE60-BC3E-4E5B-BFDB-BF807F1084F7}"
EndProject
Project("{9A19103F-16F7-4668-BE54-9A1E7A4F7556}") = "analyze", "week02\analyze\analyze.csproj", "{6115E8A3-849B-4DDD-B0B5-960722981108}"
EndProject
Project("{9A19103F-16F7-4668-BE54-9A1E7A4F7556}") = "teach", "week02\teach\teach.csproj", "{18594E61-71AA-4A1A-AC33-825C03D6C018}"
EndProject
Project("{2150E333-8FDC-42A3-9474-1A3956D46DE8}") = "week03", "week03", "{5DD1CD2D-6E43-4701-A88C-7C25B4A94674}"
EndProject
Project("{9A19103F-16F7-4668-BE54-9A1E7A4F7556}") = "learn", "week03\learn\learn.csproj", "{7715B9E0-36A7-407C-BE8C-3F02D4C0CABF}"
EndProject
Project("{9A19103F-16F7-4668-BE54-9A1E7A4F7556}") = "code", "week03\code\code.csproj", "{4A343848-23D9-4B95-9DA3-75A7E65876FA}"
EndProject
Project("{9A19103F-16F7-4668-BE54-9A1E7A4F7556}") = "teach", "week03\teach\teach.csproj", "{104C0534-D5E7-424B-9CAF-9FAC99A40BBB}"
EndProject
Project("{2150E333-8FDC-42A3-9474-1A3956D46DE8}") = "week04", "week04", "{E0131A99-B4BB-4F87-AE7A-6D7D508ED008}"
EndProject
Project("{9A19103F-16F7-4668-BE54-9A1E7A4F7556}") = "code", "week04\code\code.csproj", "{4A16DF65-A2F6-4792-A96D-7CECB232BA58}"
EndProject
Global
	GlobalSection(SolutionConfigurationPlatforms) = preSolution
		Debug|Any CPU = Debug|Any CPU
		Release|Any CPU = Release|Any CPU
	EndGlobalSection
	GlobalSection(ProjectConfigurationPlatforms) = postSolution
		{229013CE-0B91-4CCD-A01A-0BB6AEB552A3}.Debug|Any CPU.ActiveCfg = Debug|Any CPU
		{229013CE-0B91-4CCD-A01A-0BB6AEB552A3}.Debug|Any CPU.Build.0 = Debug|Any CPU
		{229013CE-0B91-4CCD-A01A-0BB6AEB552A3}.Release|Any CPU.ActiveCfg = Release|Any CPU
		{229013CE-0B91-4CCD-A01A-0BB6AEB552A3}.Release|Any CPU.Build.0 = Release|Any CPU
		{FA1C614C-6993-47F5-AFAD-95888875BEBB}.Debug|Any CPU.ActiveCfg = Debug|Any CPU
		{FA1C614C-6993-47F5-AFAD-95888875BEBB}.Debug|Any CPU.Build.0 = Debug|Any CPU
		{FA1C614C-6993-47F5-AFAD-95888875BEBB}.Release|Any CPU.ActiveCfg = Release|Any CPU
		{FA1C614C-6993-47F5-AFAD-95888875BEBB}.Release|Any CPU.Build.0 = Release|Any CPU
		{81D0519C-C887-43F3-AF2B-975BB30C9699}.Debug|Any CPU.ActiveCfg = Debug|Any CPU
		{81D0519C-C887-43F3-AF2B-975BB30C9699}.Debug|Any CPU.Build.0 = Debug|Any CPU
		{81D0519C-C887-43F3-AF2B-975BB30C9699}.Release|Any CPU.ActiveCfg = Release|Any CPU
		{81D0519C-C887-43F3-AF2B-975BB30C9699}.Release|Any CPU.Build.0 = Release|Any CPU
		{3E8CDF6C-E941-4282-9B5D-8788E5C2ECFB}.Debug|Any CPU.ActiveCfg = Debug|Any CPU
		{3E8CDF6C-E941-4282-9B5D-8788E5C2ECFB}.Debug|Any CPU.Build.0 = Debug|Any CPU
		{3E8CDF6C-E941-4282-9B5D-8788E5C2ECFB}.Release|Any CPU.ActiveCfg = Release|Any CPU
		{3E8CDF6C-E941-4282-9B5D-8788E5C2ECFB}.Release|Any CPU.Build.0 = Release|Any CPU
		{5F422597-9C35-41F6-8EB3-4279F0AF6584}.Debug|Any CPU.ActiveCfg = Debug|Any CPU
		{5F422597-9C35-41F6-8EB3-4279F0AF6584}.Debug|Any CPU.Build.0 = Debug|Any CPU
		{5F422597-9C35-41F6-8EB3-4279F0AF6584}.Release|Any CPU.ActiveCfg = Release|Any CPU
		{5F422597-9C35-41F6-8EB3-4279F0AF6584}.Release|Any CPU.Build.0 = Release|Any CPU
		{476D2E6F-9B09-4BD8-A04E-1C0F233EA10E}.Debug|Any CPU.ActiveCfg = Debug|Any CPU
		{476D2E6F-9B09-4BD8-A04E-1C0F233EA10E}.Debug|Any CPU.Build.0 = Debug|Any CPU
		{476D2E6F-9B09-4BD8-A04E-1C0F233EA10E}.Release|Any CPU.ActiveCfg = Release|Any CPU
		{476D2E6F-9B09-4BD8-A04E-1C0F233EA10E}.Release|Any CPU.Build.0 = Release|Any CPU
		{1F787BB6-3683-4D26-8B8D-EDC3B3F9D692}.Debug|Any CPU.ActiveCfg = Debug|Any CPU
		{1F787BB6-3683-4D26-8B8D-EDC3B3F9D692}.Debug|Any CPU.Build.0 = Debug|Any CPU
		{1F787BB6-3683-4D26-8B8D-EDC3B3F9D692}.Release|Any CPU.ActiveCfg = Release|Any CPU
		{1F787BB6-3683-4D26-8B8D-EDC3B3F9D692}.Release|Any CPU.Build.0 = Release|Any CPU
		{6F18EE60-BC3E-4E5B-BFDB-BF807F1084F7}.Debug|Any CPU.ActiveCfg = Debug|Any CPU
		{6F18EE60-BC3E-4E5B-BFDB-BF807F1084F7}.Debug|Any CPU.Build.0 = Debug|Any CPU
		{6F18EE60-BC3E-4E5B-BFDB-BF807F1084F7}.Release|Any CPU.ActiveCfg = Release|Any CPU
		{6F18EE60-BC3E-4E5B-BFDB-BF807F1084F7}.Release|Any CPU.Build.0 = Release|Any CPU
		{6115E8A3-849B-4DDD-B0B5-960722981108}.Debug|Any CPU.ActiveCfg = Debug|Any CPU
		{6115E8A3-849B-4DDD-B0B5-960722981108}.Debug|Any CPU.Build.0 = Debug|Any CPU
		{6115E8A3-849B-4DDD-B0B5-960722981108}.Release|Any CPU.ActiveCfg = Release|Any CPU
		{6115E8A3-849B-4DDD-B0B5-960722981108}.Release|Any CPU.Build.0 = Release|Any CPU
		{18594E61-71AA-4A1A-AC33-825C03D6C018}.Debug|Any CPU.ActiveCfg = Debug|Any CPU
		{18594E61-71AA-4A1A-AC33-825C03D6C018}.Debug|Any CPU.Build.0 = Debug|Any CPU
		{18594E61-71AA-4A1A-AC33-825C03D6C018}.Release|Any CPU.ActiveCfg = Release|Any CPU
		{18594E61-71AA-4A1A-AC33-825C03D6C018}.Release|Any CPU.Build.0 = Release|Any CPU
		{7715B9E0-36A7-407C-BE8C-3F02D4C0CABF}.Debug|Any CPU.ActiveCfg = Debug|Any CPU
		{7715B9E0-36A7-407C-BE8C-3F02D4C0CABF}.Debug|Any CPU.Build.0 = Debug|Any CPU
		{7715B9E0-36A7-407C-BE8C-3F02D4C0CABF}.Release|Any CPU.ActiveCfg = Release|Any CPU
		{7715B9E0-36A7-407C-BE8C-3F02D4C0CABF}.Release|Any CPU.Build.0 = Release|Any CPU
		{4A343848-23D9-4B95-9DA3-75A7E65876FA}.Debug|Any CPU.ActiveCfg = Debug|Any CPU
		{4A343848-23D9-4B95-9DA3-75A7E65876FA}.Debug|Any CPU.Build.0 = Debug|Any CPU
		{4A343848-23D9-4B95-9DA3-75A7E65876FA}.Release|Any CPU.ActiveCfg = Release|Any CPU
		{4A343848-23D9-4B95-9DA3-75A7E65876FA}.Release|Any CPU.Build.0 = Release|Any CPU
		{104C0534-D5E7-424B-9CAF-9FAC99A40BBB}.Debug|Any CPU.ActiveCfg = Debug|Any CPU
		{104C0534-D5E7-424B-9CAF-9FAC99A40BBB}.Debug|Any CPU.Build.0 = Debug|Any CPU
		{104C0534-D5E7-424B-9CAF-9FAC99A40BBB}.Release|Any CPU.ActiveCfg = Release|Any CPU
		{104C0534-D5E7-424B-9CAF-9FAC99A40BBB}.Release|Any CPU.Build.0 = Release|Any CPU
		{4A16DF65-A2F6-4792-A96D-7CECB232BA58}.Debug|Any CPU.ActiveCfg = Debug|Any CPU
		{4A16DF65-A2F6-4792-A96D-7CECB232BA58}.Debug|Any CPU.Build.0 = Debug|Any CPU
		{4A16DF65-A2F6-4792-A96D-7CECB232BA58}.Release|Any CPU.ActiveCfg = Release|Any CPU
		{4A16DF65-A2F6-4792-A96D-7CECB232BA58}.Release|Any CPU.Build.0 = Release|Any CPU
	EndGlobalSection
	GlobalSection(SolutionProperties) = preSolution
		HideSolutionNode = FALSE
	EndGlobalSection
	GlobalSection(NestedProjects) = preSolution
		{229013CE-0B91-4CCD-A01A-0BB6AEB552A3} = {B27EC9F5-D38F-4238-9C8A-A59A166ECFB4}
		{FA1C614C-6993-47F5-AFAD-95888875BEBB} = {B27EC9F5-D38F-4238-9C8A-A59A166ECFB4}
		{81D0519C-C887-43F3-AF2B-975BB30C9699} = {B27EC9F5-D38F-4238-9C8A-A59A166ECFB4}
		{3E8CDF6C-E941-4282-9B5D-8788E5C2ECFB} = {673121D1-AF3B-4E05-913E-2B23A77601F2}
		{5F422597-9C35-41F6-8EB3-4279F0AF6584} = {F4F4B361-47EC-47F7-B115-5F56091D2650}
		{476D2E6F-9B09-4BD8-A04E-1C0F233EA10E} = {5AE5CC34-0F70-408C-B79C-DD99C832BA3C}
		{1F787BB6-3683-4D26-8B8D-EDC3B3F9D692} = {1E9173E1-4410-4EAC-932B-9A105DEFB15A}
		{6F18EE60-BC3E-4E5B-BFDB-BF807F1084F7} = {1E9173E1-4410-4EAC-932B-9A105DEFB15A}
		{6115E8A3-849B-4DDD-B0B5-960722981108} = {1E9173E1-4410-4EAC-932B-9A105DEFB15A}
		{18594E61-71AA-4A1A-AC33-825C03D6C018} = {1E9173E1-4410-4EAC-932B-9A105DEFB15A}
		{7715B9E0-36A7-407C-BE8C-3F02D4C0CABF} = {5DD1CD2D-6E43-4701-A88C-7C25B4A94674}
		{4A343848-23D9-4B95-9DA3-75A7E65876FA} = {5DD1CD2D-6E43-4701-A88C-7C25B4A94674}
		{104C0534-D5E7-424B-9CAF-9FAC99A40BBB} = {5DD1CD2D-6E43-4701-A88C-7C25B4A94674}
		{4A16DF65-A2F6-4792-A96D-7CECB232BA58} = {E0131A99-B4BB-4F87-AE7A-6D7D508ED008}
	EndGlobalSection
	GlobalSection(ExtensibilityGlobals) = postSolution
		SolutionGuid = {25865540-CEF7-4F4D-8B40-A40C4D9E6872}
	EndGlobalSection
EndGlobal
